
Microsoft Visual Studio Solution File, Format Version 12.00
# Visual Studio Version 17
VisualStudioVersion = 17.11.35222.181
MinimumVisualStudioVersion = 10.0.40219.1
Project("{8BC9CEB8-8B4A-11D0-8D11-00A0C91BC942}") = "1dim-massive", "1dim-massive\1dim-massive.vcxproj", "{98B98F09-7D9B-43DD-B719-4A682EE8C18C}"
EndProject
Global
	GlobalSection(SolutionConfigurationPlatforms) = preSolution
		Debug|x64 = Debug|x64
		Debug|x86 = Debug|x86
		Release|x64 = Release|x64
		Release|x86 = Release|x86
	EndGlobalSection
	GlobalSection(ProjectConfigurationPlatforms) = postSolution
		{98B98F09-7D9B-43DD-B719-4A682EE8C18C}.Debug|x64.ActiveCfg = Debug|x64
		{98B98F09-7D9B-43DD-B719-4A682EE8C18C}.Debug|x64.Build.0 = Debug|x64
		{98B98F09-7D9B-43DD-B719-4A682EE8C18C}.Debug|x86.ActiveCfg = Debug|Win32
		{98B98F09-7D9B-43DD-B719-4A682EE8C18C}.Debug|x86.Build.0 = Debug|Win32
		{98B98F09-7D9B-43DD-B719-4A682EE8C18C}.Release|x64.ActiveCfg = Release|x64
		{98B98F09-7D9B-43DD-B719-4A682EE8C18C}.Release|x64.Build.0 = Release|x64
		{98B98F09-7D9B-43DD-B719-4A682EE8C18C}.Release|x86.ActiveCfg = Release|Win32
		{98B98F09-7D9B-43DD-B719-4A682EE8C18C}.Release|x86.Build.0 = Release|Win32
	EndGlobalSection
	GlobalSection(SolutionProperties) = preSolution
		HideSolutionNode = FALSE
	EndGlobalSection
	GlobalSection(ExtensibilityGlobals) = postSolution
		SolutionGuid = {A2C68266-FD56-4448-B240-2AD8389458FA}
	EndGlobalSection
EndGlobal
